
Microsoft Visual Studio Solution File, Format Version 12.00
# Visual Studio Version 17
VisualStudioVersion = 17.4.33205.214
MinimumVisualStudioVersion = 10.0.40219.1
Project("{8BC9CEB8-8B4A-11D0-8D11-00A0C91BC942}") = "ModernCodingPolinom", "ModernCodingPolinom\ModernCodingPolinom.vcxproj", "{0D96BA70-4998-4A16-AB6F-2F2857271D02}"
EndProject
Project("{8BC9CEB8-8B4A-11D0-8D11-00A0C91BC942}") = "UnitTest", "UnitTest\UnitTest.vcxproj", "{0B051913-D4FB-49C3-A24F-9652867F6110}"
EndProject
Global
	GlobalSection(SolutionConfigurationPlatforms) = preSolution
		Debug|x64 = Debug|x64
		Debug|x86 = Debug|x86
		Release|x64 = Release|x64
		Release|x86 = Release|x86
	EndGlobalSection
	GlobalSection(ProjectConfigurationPlatforms) = postSolution
		{0D96BA70-4998-4A16-AB6F-2F2857271D02}.Debug|x64.ActiveCfg = Debug|x64
		{0D96BA70-4998-4A16-AB6F-2F2857271D02}.Debug|x64.Build.0 = Debug|x64
		{0D96BA70-4998-4A16-AB6F-2F2857271D02}.Debug|x86.ActiveCfg = Debug|Win32
		{0D96BA70-4998-4A16-AB6F-2F2857271D02}.Debug|x86.Build.0 = Debug|Win32
		{0D96BA70-4998-4A16-AB6F-2F2857271D02}.Release|x64.ActiveCfg = Release|x64
		{0D96BA70-4998-4A16-AB6F-2F2857271D02}.Release|x64.Build.0 = Release|x64
		{0D96BA70-4998-4A16-AB6F-2F2857271D02}.Release|x86.ActiveCfg = Release|Win32
		{0D96BA70-4998-4A16-AB6F-2F2857271D02}.Release|x86.Build.0 = Release|Win32
		{0B051913-D4FB-49C3-A24F-9652867F6110}.Debug|x64.ActiveCfg = Debug|x64
		{0B051913-D4FB-49C3-A24F-9652867F6110}.Debug|x64.Build.0 = Debug|x64
		{0B051913-D4FB-49C3-A24F-9652867F6110}.Debug|x86.ActiveCfg = Debug|Win32
		{0B051913-D4FB-49C3-A24F-9652867F6110}.Debug|x86.Build.0 = Debug|Win32
		{0B051913-D4FB-49C3-A24F-9652867F6110}.Release|x64.ActiveCfg = Release|x64
		{0B051913-D4FB-49C3-A24F-9652867F6110}.Release|x64.Build.0 = Release|x64
		{0B051913-D4FB-49C3-A24F-9652867F6110}.Release|x86.ActiveCfg = Release|Win32
		{0B051913-D4FB-49C3-A24F-9652867F6110}.Release|x86.Build.0 = Release|Win32
	EndGlobalSection
	GlobalSection(SolutionProperties) = preSolution
		HideSolutionNode = FALSE
	EndGlobalSection
	GlobalSection(ExtensibilityGlobals) = postSolution
		SolutionGuid = {DAF13476-94BE-470A-BDD3-45755C669623}
	EndGlobalSection
EndGlobal
